// !$*UTF8*$!
{
	archiveVersion = 1;
	classes = {
	};
	objectVersion = 46;
	objects = {

/* Begin PBXBuildFile section */
		8BE6EDBE1BF1CC97006038E5 /* AppDelegate.swift in Sources */ = {isa = PBXBuildFile; fileRef = 8BE6EDBD1BF1CC97006038E5 /* AppDelegate.swift */; };
		8BE6EDC01BF1CC97006038E5 /* ViewController.swift in Sources */ = {isa = PBXBuildFile; fileRef = 8BE6EDBF1BF1CC97006038E5 /* ViewController.swift */; };
		8BE6EDC31BF1CC97006038E5 /* Main.storyboard in Resources */ = {isa = PBXBuildFile; fileRef = 8BE6EDC11BF1CC97006038E5 /* Main.storyboard */; };
		8BE6EDC51BF1CC97006038E5 /* Assets.xcassets in Resources */ = {isa = PBXBuildFile; fileRef = 8BE6EDC41BF1CC97006038E5 /* Assets.xcassets */; };
/* End PBXBuildFile section */

/* Begin PBXFileReference section */
		8BE6EDBA1BF1CC97006038E5 /* iCloudStorage.app */ = {isa = PBXFileReference; explicitFileType = wrapper.application; includeInIndex = 0; path = iCloudStorage.app; sourceTree = BUILT_PRODUCTS_DIR; };
		8BE6EDBD1BF1CC97006038E5 /* AppDelegate.swift */ = {isa = PBXFileReference; lastKnownFileType = sourcecode.swift; path = AppDelegate.swift; sourceTree = "<group>"; };
		8BE6EDBF1BF1CC97006038E5 /* ViewController.swift */ = {isa = PBXFileReference; lastKnownFileType = sourcecode.swift; path = ViewController.swift; sourceTree = "<group>"; };
		8BE6EDC21BF1CC97006038E5 /* Base */ = {isa = PBXFileReference; lastKnownFileType = file.storyboard; name = Base; path = Base.lproj/Main.storyboard; sourceTree = "<group>"; };
		8BE6EDC41BF1CC97006038E5 /* Assets.xcassets */ = {isa = PBXFileReference; lastKnownFileType = folder.assetcatalog; path = Assets.xcassets; sourceTree = "<group>"; };
		8BE6EDC61BF1CC97006038E5 /* Info.plist */ = {isa = PBXFileReference; lastKnownFileType = text.plist.xml; path = Info.plist; sourceTree = "<group>"; };
/* End PBXFileReference section */

/* Begin PBXFrameworksBuildPhase section */
		8BE6EDB71BF1CC97006038E5 /* Frameworks */ = {
			isa = PBXFrameworksBuildPhase;
			buildActionMask = 2147483647;
			files = (
			);
			runOnlyForDeploymentPostprocessing = 0;
		};
/* End PBXFrameworksBuildPhase section */

/* Begin PBXGroup section */
		8BE6EDB11BF1CC97006038E5 = {
			isa = PBXGroup;
			children = (
				8BE6EDBC1BF1CC97006038E5 /* iCloudStorage */,
				8BE6EDBB1BF1CC97006038E5 /* Products */,
			);
			sourceTree = "<group>";
		};
		8BE6EDBB1BF1CC97006038E5 /* Products */ = {
			isa = PBXGroup;
			children = (
				8BE6EDBA1BF1CC97006038E5 /* iCloudStorage.app */,
			);
			name = Products;
			sourceTree = "<group>";
		};
		8BE6EDBC1BF1CC97006038E5 /* iCloudStorage */ = {
			isa = PBXGroup;
			children = (
				8BE6EDBD1BF1CC97006038E5 /* AppDelegate.swift */,
				8BE6EDBF1BF1CC97006038E5 /* ViewController.swift */,
				8BE6EDC11BF1CC97006038E5 /* Main.storyboard */,
				8BE6EDC41BF1CC97006038E5 /* Assets.xcassets */,
				8BE6EDC61BF1CC97006038E5 /* Info.plist */,
			);
			path = iCloudStorage;
			sourceTree = "<group>";
		};
/* End PBXGroup section */

/* Begin PBXNativeTarget section */
		8BE6EDB91BF1CC97006038E5 /* iCloudStorage */ = {
			isa = PBXNativeTarget;
			buildConfigurationList = 8BE6EDC91BF1CC97006038E5 /* Build configuration list for PBXNativeTarget "iCloudStorage" */;
			buildPhases = (
				8BE6EDB61BF1CC97006038E5 /* Sources */,
				8BE6EDB71BF1CC97006038E5 /* Frameworks */,
				8BE6EDB81BF1CC97006038E5 /* Resources */,
			);
			buildRules = (
			);
			dependencies = (
			);
			name = iCloudStorage;
			productName = iCloudStorage;
			productReference = 8BE6EDBA1BF1CC97006038E5 /* iCloudStorage.app */;
			productType = "com.apple.product-type.application";
		};
/* End PBXNativeTarget section */

/* Begin PBXProject section */
		8BE6EDB21BF1CC97006038E5 /* Project object */ = {
			isa = PBXProject;
			attributes = {
				LastSwiftUpdateCheck = 0710;
				LastUpgradeCheck = 0710;
				ORGANIZATIONNAME = innovativeware;
				TargetAttributes = {
					8BE6EDB91BF1CC97006038E5 = {
						CreatedOnToolsVersion = 7.1;
					};
				};
			};
			buildConfigurationList = 8BE6EDB51BF1CC97006038E5 /* Build configuration list for PBXProject "iCloudStorage" */;
			compatibilityVersion = "Xcode 3.2";
			developmentRegion = English;
			hasScannedForEncodings = 0;
			knownRegions = (
				en,
				Base,
			);
			mainGroup = 8BE6EDB11BF1CC97006038E5;
			productRefGroup = 8BE6EDBB1BF1CC97006038E5 /* Products */;
			projectDirPath = "";
			projectRoot = "";
			targets = (
				8BE6EDB91BF1CC97006038E5 /* iCloudStorage */,
			);
		};
/* End PBXProject section */

/* Begin PBXResourcesBuildPhase section */
		8BE6EDB81BF1CC97006038E5 /* Resources */ = {
			isa = PBXResourcesBuildPhase;
			buildActionMask = 2147483647;
			files = (
				8BE6EDC51BF1CC97006038E5 /* Assets.xcassets in Resources */,
				8BE6EDC31BF1CC97006038E5 /* Main.storyboard in Resources */,
			);
			runOnlyForDeploymentPostprocessing = 0;
		};
/* End PBXResourcesBuildPhase section */

/* Begin PBXSourcesBuildPhase section */
		8BE6EDB61BF1CC97006038E5 /* Sources */ = {
			isa = PBXSourcesBuildPhase;
			buildActionMask = 2147483647;
			files = (
				8BE6EDC01BF1CC97006038E5 /* ViewController.swift in Sources */,
				8BE6EDBE1BF1CC97006038E5 /* AppDelegate.swift in Sources */,
			);
			runOnlyForDeploymentPostprocessing = 0;
		};
/* End PBXSourcesBuildPhase section */

/* Begin PBXVariantGroup section */
		8BE6EDC11BF1CC97006038E5 /* Main.storyboard */ = {
			isa = PBXVariantGroup;
			children = (
				8BE6EDC21BF1CC97006038E5 /* Base */,
			);
			name = Main.storyboard;
			sourceTree = "<group>";
		};
/* End PBXVariantGroup section */

/* Begin XCBuildConfiguration section */
		8BE6EDC71BF1CC97006038E5 /* Debug */ = {
			isa = XCBuildConfiguration;
			buildSettings = {
				ALWAYS_SEARCH_USER_PATHS = NO;
				CLANG_CXX_LANGUAGE_STANDARD = "gnu++0x";
				CLANG_CXX_LIBRARY = "libc++";
				CLANG_ENABLE_MODULES = YES;
				CLANG_ENABLE_OBJC_ARC = YES;
				CLANG_WARN_BOOL_CONVERSION = YES;
				CLANG_WARN_CONSTANT_CONVERSION = YES;
				CLANG_WARN_DIRECT_OBJC_ISA_USAGE = YES_ERROR;
				CLANG_WARN_EMPTY_BODY = YES;
				CLANG_WARN_ENUM_CONVERSION = YES;
				CLANG_WARN_INT_CONVERSION = YES;
				CLANG_WARN_OBJC_ROOT_CLASS = YES_ERROR;
				CLANG_WARN_UNREACHABLE_CODE = YES;
				CLANG_WARN__DUPLICATE_METHOD_MATCH = YES;
				COPY_PHASE_STRIP = NO;
				DEBUG_INFORMATION_FORMAT = dwarf;
				ENABLE_STRICT_OBJC_MSGSEND = YES;
				ENABLE_TESTABILITY = YES;
				GCC_C_LANGUAGE_STANDARD = gnu99;
				GCC_DYNAMIC_NO_PIC = NO;
				GCC_NO_COMMON_BLOCKS = YES;
				GCC_OPTIMIZATION_LEVEL = 0;
				GCC_PREPROCESSOR_DEFINITIONS = (
					"DEBUG=1",
					"$(inherited)",
				);
				GCC_WARN_64_TO_32_BIT_CONVERSION = YES;
				GCC_WARN_ABOUT_RETURN_TYPE = YES_ERROR;
				GCC_WARN_UNDECLARED_SELECTOR = YES;
				GCC_WARN_UNINITIALIZED_AUTOS = YES_AGGRESSIVE;
				GCC_WARN_UNUSED_FUNCTION = YES;
				GCC_WARN_UNUSED_VARIABLE = YES;
				MTL_ENABLE_DEBUG_INFO = YES;
				ONLY_ACTIVE_ARCH = YES;
				SDKROOT = appletvos;
				SWIFT_OPTIMIZATION_LEVEL = "-Onone";
				TARGETED_DEVICE_FAMILY = 3;
				TVOS_DEPLOYMENT_TARGET = 9.0;
			};
			name = Debug;
		};
		8BE6EDC81BF1CC97006038E5 /* Release */ = {
			isa = XCBuildConfiguration;
			buildSettings = {
				ALWAYS_SEARCH_USER_PATHS = NO;
				CLANG_CXX_LANGUAGE_STANDARD = "gnu++0x";
				CLANG_CXX_LIBRARY = "libc++";
				CLANG_ENABLE_MODULES = YES;
				CLANG_ENABLE_OBJC_ARC = YES;
				CLANG_WARN_BOOL_CONVERSION = YES;
				CLANG_WARN_CONSTANT_CONVERSION = YES;
				CLANG_WARN_DIRECT_OBJC_ISA_USAGE = YES_ERROR;
				CLANG_WARN_EMPTY_BODY = YES;
				CLANG_WARN_ENUM_CONVERSION = YES;
				CLANG_WARN_INT_CONVERSION = YES;
				CLANG_WARN_OBJC_ROOT_CLASS = YES_ERROR;
				CLANG_WARN_UNREACHABLE_CODE = YES;
				CLANG_WARN__DUPLICATE_METHOD_MATCH = YES;
				COPY_PHASE_STRIP = NO;
				DEBUG_INFORMATION_FORMAT = "dwarf-with-dsym";
				ENABLE_NS_ASSERTIONS = NO;
				ENABLE_STRICT_OBJC_MSGSEND = YES;
				GCC_C_LANGUAGE_STANDARD = gnu99;
				GCC_NO_COMMON_BLOCKS = YES;
				GCC_WARN_64_TO_32_BIT_CONVERSION = YES;
				GCC_WARN_ABOUT_RETURN_TYPE = YES_ERROR;
				GCC_WARN_UNDECLARED_SELECTOR = YES;
				GCC_WARN_UNINITIALIZED_AUTOS = YES_AGGRESSIVE;
				GCC_WARN_UNUSED_FUNCTION = YES;
				GCC_WARN_UNUSED_VARIABLE = YES;
				MTL_ENABLE_DEBUG_INFO = NO;
				SDKROOT = appletvos;
				TARGETED_DEVICE_FAMILY = 3;
				TVOS_DEPLOYMENT_TARGET = 9.0;
				VALIDATE_PRODUCT = YES;
			};
			name = Release;
		};
		8BE6EDCA1BF1CC97006038E5 /* Debug */ = {
			isa = XCBuildConfiguration;
			buildSettings = {
				ASSETCATALOG_COMPILER_APPICON_NAME = "App Icon & Top Shelf Image";
				ASSETCATALOG_COMPILER_LAUNCHIMAGE_NAME = LaunchImage;
				INFOPLIST_FILE = iCloudStorage/Info.plist;
				LD_RUNPATH_SEARCH_PATHS = "$(inherited) @executable_path/Frameworks";
				PRODUCT_BUNDLE_IDENTIFIER = com.innovativeware.iCloudStorage;
				PRODUCT_NAME = "$(TARGET_NAME)";
			};
			name = Debug;
		};
		8BE6EDCB1BF1CC97006038E5 /* Release */ = {
			isa = XCBuildConfiguration;
			buildSettings = {
				ASSETCATALOG_COMPILER_APPICON_NAME = "App Icon & Top Shelf Image";
				ASSETCATALOG_COMPILER_LAUNCHIMAGE_NAME = LaunchImage;
				INFOPLIST_FILE = iCloudStorage/Info.plist;
				LD_RUNPATH_SEARCH_PATHS = "$(inherited) @executable_path/Frameworks";
				PRODUCT_BUNDLE_IDENTIFIER = com.innovativeware.iCloudStorage;
				PRODUCT_NAME = "$(TARGET_NAME)";
			};
			name = Release;
		};
/* End XCBuildConfiguration section */

/* Begin XCConfigurationList section */
		8BE6EDB51BF1CC97006038E5 /* Build configuration list for PBXProject "iCloudStorage" */ = {
			isa = XCConfigurationList;
			buildConfigurations = (
				8BE6EDC71BF1CC97006038E5 /* Debug */,
				8BE6EDC81BF1CC97006038E5 /* Release */,
			);
			defaultConfigurationIsVisible = 0;
			defaultConfigurationName = Release;
		};
		8BE6EDC91BF1CC97006038E5 /* Build configuration list for PBXNativeTarget "iCloudStorage" */ = {
			isa = XCConfigurationList;
			buildConfigurations = (
				8BE6EDCA1BF1CC97006038E5 /* Debug */,
				8BE6EDCB1BF1CC97006038E5 /* Release */,
			);
			defaultConfigurationIsVisible = 0;
		};
/* End XCConfigurationList section */
	};
	rootObject = 8BE6EDB21BF1CC97006038E5 /* Project object */;
}
